
Microsoft Visual Studio Solution File, Format Version 12.00
Project("{2150E333-8FDC-42A3-9474-1A3956D46DE8}") = "Projects", "Projects", "{E6278613-375C-48A8-806D-0EC0EF8659B2}"
EndProject
Project("{FAE04EC0-301F-11D3-BF4B-00C04F79EFBC}") = "Searchify.Api", "Projects\Searchify.Api\Searchify.Api.csproj", "{D6EB825D-8E2B-4B7E-B38F-284AA28606C1}"
EndProject
Global
	GlobalSection(SolutionConfigurationPlatforms) = preSolution
		Debug|Any CPU = Debug|Any CPU
		Release|Any CPU = Release|Any CPU
	EndGlobalSection
	GlobalSection(NestedProjects) = preSolution
		{D6EB825D-8E2B-4B7E-B38F-284AA28606C1} = {E6278613-375C-48A8-806D-0EC0EF8659B2}
	EndGlobalSection
	GlobalSection(ProjectConfigurationPlatforms) = postSolution
		{D6EB825D-8E2B-4B7E-B38F-284AA28606C1}.Debug|Any CPU.ActiveCfg = Debug|Any CPU
		{D6EB825D-8E2B-4B7E-B38F-284AA28606C1}.Debug|Any CPU.Build.0 = Debug|Any CPU
		{D6EB825D-8E2B-4B7E-B38F-284AA28606C1}.Release|Any CPU.ActiveCfg = Release|Any CPU
		{D6EB825D-8E2B-4B7E-B38F-284AA28606C1}.Release|Any CPU.Build.0 = Release|Any CPU
	EndGlobalSection
EndGlobal
